
Microsoft Visual Studio Solution File, Format Version 12.00
# Visual Studio 2015
Project("{FAE04EC0-301F-11D3-BF4B-00C04F79EFBC}") = "Rope", "Rope.csproj", "{993ADF43-DBE5-771A-F62C-3F875FE077E7}"
EndProject
Global
	GlobalSection(SolutionConfigurationPlatforms) = preSolution
		Debug|Any CPU = Debug|Any CPU
		Release|Any CPU = Release|Any CPU
	EndGlobalSection
	GlobalSection(ProjectConfigurationPlatforms) = postSolution
		{993ADF43-DBE5-771A-F62C-3F875FE077E7}.Debug|Any CPU.ActiveCfg = Debug|Any CPU
		{993ADF43-DBE5-771A-F62C-3F875FE077E7}.Debug|Any CPU.Build.0 = Debug|Any CPU
		{993ADF43-DBE5-771A-F62C-3F875FE077E7}.Release|Any CPU.ActiveCfg = Release|Any CPU
		{993ADF43-DBE5-771A-F62C-3F875FE077E7}.Release|Any CPU.Build.0 = Release|Any CPU
	EndGlobalSection
	GlobalSection(SolutionProperties) = preSolution
		HideSolutionNode = FALSE
	EndGlobalSection
EndGlobal
